
Microsoft Visual Studio Solution File, Format Version 12.00
# Visual Studio Version 17
VisualStudioVersion = 17.1.32421.90
MinimumVisualStudioVersion = 10.0.40219.1
Project("{E24C65DC-7377-472B-9ABA-BC803B73C61A}") = "RENTCAR", ".", "{04DB88CB-7B20-4324-937E-FE3B2AB04C5C}"
	ProjectSection(WebsiteProperties) = preProject
		TargetFrameworkMoniker = ".NETFramework,Version%3Dv4.6.2"
		Debug.AspNetCompiler.VirtualPath = "/localhost_54170"
		Debug.AspNetCompiler.PhysicalPath = "..\RENTCAR\"
		Debug.AspNetCompiler.TargetPath = "PrecompiledWeb\localhost_54170\"
		Debug.AspNetCompiler.Updateable = "true"
		Debug.AspNetCompiler.ForceOverwrite = "true"
		Debug.AspNetCompiler.FixedNames = "false"
		Debug.AspNetCompiler.Debug = "True"
		Release.AspNetCompiler.VirtualPath = "/localhost_54170"
		Release.AspNetCompiler.PhysicalPath = "..\RENTCAR\"
		Release.AspNetCompiler.TargetPath = "PrecompiledWeb\localhost_54170\"
		Release.AspNetCompiler.Updateable = "true"
		Release.AspNetCompiler.ForceOverwrite = "true"
		Release.AspNetCompiler.FixedNames = "false"
		Release.AspNetCompiler.Debug = "False"
		VWDPort = "54170"
		SlnRelativePath = "..\RENTCAR\"
		DefaultWebSiteLanguage = "Visual C#"
	EndProjectSection
EndProject
Global
	GlobalSection(SolutionConfigurationPlatforms) = preSolution
		Debug|Any CPU = Debug|Any CPU
	EndGlobalSection
	GlobalSection(ProjectConfigurationPlatforms) = postSolution
		{04DB88CB-7B20-4324-937E-FE3B2AB04C5C}.Debug|Any CPU.ActiveCfg = Debug|Any CPU
		{04DB88CB-7B20-4324-937E-FE3B2AB04C5C}.Debug|Any CPU.Build.0 = Debug|Any CPU
	EndGlobalSection
	GlobalSection(SolutionProperties) = preSolution
		HideSolutionNode = FALSE
	EndGlobalSection
	GlobalSection(ExtensibilityGlobals) = postSolution
		SolutionGuid = {1E684295-A24C-484F-B1BA-27AA10D99EBC}
	EndGlobalSection
EndGlobal
